
Microsoft Visual Studio Solution File, Format Version 12.00
# Visual Studio Version 17
VisualStudioVersion = 17.0.31903.59
MinimumVisualStudioVersion = 10.0.40219.1
Project("{FAE04EC0-301F-11D3-BF4B-00C04F79EFBC}") = "Common.Application", "src\BuildingBlocks\Common\Common.Application\Common.Application.csproj", "{E00092DD-E4DC-23C7-7621-2B620B3BBEB0}"
EndProject
Project("{FAE04EC0-301F-11D3-BF4B-00C04F79EFBC}") = "Common.Caching", "src\BuildingBlocks\Common\Common.Caching\Common.Caching.csproj", "{FE180BF4-4272-CB6C-B3B9-C57E0EEB1F28}"
EndProject
Project("{FAE04EC0-301F-11D3-BF4B-00C04F79EFBC}") = "Common.Contracts", "src\BuildingBlocks\Common\Common.Contracts\Common.Contracts.csproj", "{619BBB81-2667-239F-2DAB-C305AD2AFC34}"
EndProject
Project("{FAE04EC0-301F-11D3-BF4B-00C04F79EFBC}") = "Common.Database", "src\BuildingBlocks\Common\Common.Database\Common.Database.csproj", "{50FEC8E0-9A8B-116D-F61A-9AE7904D3AC0}"
EndProject
Project("{FAE04EC0-301F-11D3-BF4B-00C04F79EFBC}") = "Common.Domain", "src\BuildingBlocks\Common\Common.Domain\Common.Domain.csproj", "{4EEEA778-E381-643D-9947-E17D49D17438}"
EndProject
Project("{FAE04EC0-301F-11D3-BF4B-00C04F79EFBC}") = "Common.EventBus", "src\BuildingBlocks\Common\Common.EventBus\Common.EventBus.csproj", "{59BF6EF7-3109-45B9-7065-C8FF398CA2A9}"
EndProject
Project("{FAE04EC0-301F-11D3-BF4B-00C04F79EFBC}") = "Common.Messaging", "src\BuildingBlocks\Common\Common.Messaging\Common.Messaging.csproj", "{23A50FF4-ADC0-84AD-E581-BCAF1AC37FC0}"
EndProject
Project("{FAE04EC0-301F-11D3-BF4B-00C04F79EFBC}") = "Common.Observability", "src\BuildingBlocks\Common\Common.Observability\Common.Observability.csproj", "{C664ED02-BC0F-7769-3211-693594E26532}"
EndProject
Project("{FAE04EC0-301F-11D3-BF4B-00C04F79EFBC}") = "Common.Resilience", "src\BuildingBlocks\Common\Common.Resilience\Common.Resilience.csproj", "{B84C8B75-1DCC-31E3-B440-A78CD9E9BA80}"
EndProject
Project("{FAE04EC0-301F-11D3-BF4B-00C04F79EFBC}") = "Common.Testing", "src\BuildingBlocks\Testing\Common.Testing\Common.Testing.csproj", "{C4CFF3AD-CC51-4FF3-C547-70CF0A31B8FE}"
EndProject
Project("{FAE04EC0-301F-11D3-BF4B-00C04F79EFBC}") = "Menu.API", "src\Services\Menu\Menu.API\Menu.API.csproj", "{236BFBA1-5A61-F4F7-5169-D332D63F4359}"
EndProject
Project("{FAE04EC0-301F-11D3-BF4B-00C04F79EFBC}") = "Menu.Application", "src\Services\Menu\Menu.Application\Menu.Application.csproj", "{A8B22A70-6BBB-62EE-2F8F-59F018D0794C}"
EndProject
Project("{FAE04EC0-301F-11D3-BF4B-00C04F79EFBC}") = "Menu.Domain", "src\Services\Menu\Menu.Domain\Menu.Domain.csproj", "{BC1A918B-7132-BABD-2D90-3F6FD60FDC92}"
EndProject
Project("{FAE04EC0-301F-11D3-BF4B-00C04F79EFBC}") = "Menu.Infrastructure", "src\Services\Menu\Menu.Infrastructure\Menu.Infrastructure.csproj", "{CEE4B8B7-2BFC-B988-DB9E-A4730909307D}"
EndProject
Project("{FAE04EC0-301F-11D3-BF4B-00C04F79EFBC}") = "Order.API", "src\Services\Order\Order.API\Order.API.csproj", "{117A6875-6A65-F151-C1EC-B600D2036E54}"
EndProject
Project("{FAE04EC0-301F-11D3-BF4B-00C04F79EFBC}") = "Order.Application", "src\Services\Order\Order.Application\Order.Application.csproj", "{57C8B8BB-5C6F-9361-833B-3B21C0A97BB3}"
EndProject
Project("{FAE04EC0-301F-11D3-BF4B-00C04F79EFBC}") = "Order.Domain", "src\Services\Order\Order.Domain\Order.Domain.csproj", "{4166E9F6-3373-65B4-2182-5487A467AA8E}"
EndProject
Project("{FAE04EC0-301F-11D3-BF4B-00C04F79EFBC}") = "Order.Infrastructure", "src\Services\Order\Order.Infrastructure\Order.Infrastructure.csproj", "{FC7588AE-E121-80F6-48B3-B69DAD05FED8}"
EndProject
Project("{FAE04EC0-301F-11D3-BF4B-00C04F79EFBC}") = "Order.Worker", "src\Services\Order\Order.Worker\Order.Worker.csproj", "{A4EA403E-B23C-4045-F161-A6D4CC86550D}"
EndProject
Project("{FAE04EC0-301F-11D3-BF4B-00C04F79EFBC}") = "Tracking.API", "src\Services\Tracking\Tracking.API\Tracking.API.csproj", "{C296E485-356F-CB52-7CC0-02B70C11C08B}"
EndProject
Project("{FAE04EC0-301F-11D3-BF4B-00C04F79EFBC}") = "Tracking.Application", "src\Services\Tracking\Tracking.Application\Tracking.Application.csproj", "{DDAF2C8F-7CDB-6E7B-288C-12585B694C43}"
EndProject
Project("{FAE04EC0-301F-11D3-BF4B-00C04F79EFBC}") = "Tracking.Domain", "src\Services\Tracking\Tracking.Domain\Tracking.Domain.csproj", "{6A04CD76-061A-C424-F090-36AF14B8CA4D}"
EndProject
Project("{FAE04EC0-301F-11D3-BF4B-00C04F79EFBC}") = "Tracking.Hub", "src\Services\Tracking\Tracking.Hub\Tracking.Hub.csproj", "{04D4D38C-3DBE-59F2-3956-071FAAA89A76}"
EndProject
Project("{FAE04EC0-301F-11D3-BF4B-00C04F79EFBC}") = "Tracking.Infrastructure", "src\Services\Tracking\Tracking.Infrastructure\Tracking.Infrastructure.csproj", "{2A402471-DA2B-3960-BC0F-D7ED4644CDBE}"
EndProject
Project("{2150E333-8FDC-42A3-9474-1A3956D46DE8}") = "tests", "tests", "{02EA681E-C7D8-13C7-8484-4AC65E1B71E8}"
EndProject
Project("{FAE04EC0-301F-11D3-BF4B-00C04F79EFBC}") = "Menu.UnitTests", "tests\Menu.UnitTests\Menu.UnitTests.csproj", "{095CC28B-C028-5245-F922-757CF8A7A676}"
EndProject
Project("{FAE04EC0-301F-11D3-BF4B-00C04F79EFBC}") = "Order.UnitTests", "tests\Order.UnitTests\Order.UnitTests.csproj", "{7DDFF3CE-48ED-BC9B-0764-639264406CD1}"
EndProject
Project("{FAE04EC0-301F-11D3-BF4B-00C04F79EFBC}") = "Tracking.UnitTests", "tests\Tracking.UnitTests\Tracking.UnitTests.csproj", "{935B26FE-E979-C6DC-40C2-042A3E7062DC}"
EndProject
Project("{2150E333-8FDC-42A3-9474-1A3956D46DE8}") = "main", "main", "{F8C28DAB-F0CF-4161-B47E-F26123B73E91}"
EndProject
Project("{2150E333-8FDC-42A3-9474-1A3956D46DE8}") = "common", "common", "{2BC5FE8A-8CAA-4DAA-9437-7F40CABC8380}"
EndProject
Project("{2150E333-8FDC-42A3-9474-1A3956D46DE8}") = "menu", "menu", "{54E5D4D5-9D30-44CA-94E7-650E1E80FB84}"
EndProject
Project("{2150E333-8FDC-42A3-9474-1A3956D46DE8}") = "order", "order", "{9D07D78B-F161-4001-B545-FD8B77406ED4}"
EndProject
Project("{2150E333-8FDC-42A3-9474-1A3956D46DE8}") = "tracking", "tracking", "{CCBB0FC9-E726-44F9-A0BD-14FE22CFA887}"
EndProject
Project("{FAE04EC0-301F-11D3-BF4B-00C04F79EFBC}") = "Tracking.Simulator", "src\Services\Tracking\Tracking.Simulator\Tracking.Simulator.csproj", "{8233D042-7105-DA16-2948-6D14C71B7208}"
EndProject
Project("{FAE04EC0-301F-11D3-BF4B-00C04F79EFBC}") = "Common.Caching.UnitTests", "tests\Common.Caching.UnitTests\Common.Caching.UnitTests.csproj", "{D44C3E3D-8008-2C69-927A-43485DADE53A}"
EndProject
Project("{FAE04EC0-301F-11D3-BF4B-00C04F79EFBC}") = "Common.Contracts.UnitTests", "tests\Common.Contracts.UnitTests\Common.Contracts.UnitTests.csproj", "{7DF660C3-EA78-E64C-9F93-F45060854DFF}"
EndProject
Project("{FAE04EC0-301F-11D3-BF4B-00C04F79EFBC}") = "Common.Domain.UnitTests", "tests\Common.Domain.UnitTests\Common.Domain.UnitTests.csproj", "{DFC07DC1-5660-B263-80A3-6E5BDA300495}"
EndProject
Project("{FAE04EC0-301F-11D3-BF4B-00C04F79EFBC}") = "Common.Application.UnitTests", "tests\Common.Application.UnitTests\Common.Application.UnitTests.csproj", "{1DC26ABE-0A41-4B60-B424-EF61363A7B02}"
EndProject
Project("{FAE04EC0-301F-11D3-BF4B-00C04F79EFBC}") = "Common.EventBus.UnitTests", "tests\Common.EventBus.UnitTests\Common.EventBus.UnitTests.csproj", "{AC6EF2EE-385D-43F8-9E18-F90B4B4EBA3A}"
EndProject
Project("{FAE04EC0-301F-11D3-BF4B-00C04F79EFBC}") = "Common.Database.UnitTests", "tests\Common.Database.UnitTests\Common.Database.UnitTests.csproj", "{C523A739-6C6F-4DBD-90E7-098D138EDC68}"
EndProject
Global
	GlobalSection(SolutionConfigurationPlatforms) = preSolution
		Debug|Any CPU = Debug|Any CPU
		Debug|x64 = Debug|x64
		Debug|x86 = Debug|x86
		Release|Any CPU = Release|Any CPU
		Release|x64 = Release|x64
		Release|x86 = Release|x86
	EndGlobalSection
	GlobalSection(ProjectConfigurationPlatforms) = postSolution
		{E00092DD-E4DC-23C7-7621-2B620B3BBEB0}.Debug|Any CPU.ActiveCfg = Debug|Any CPU
		{E00092DD-E4DC-23C7-7621-2B620B3BBEB0}.Debug|Any CPU.Build.0 = Debug|Any CPU
		{E00092DD-E4DC-23C7-7621-2B620B3BBEB0}.Debug|x64.ActiveCfg = Debug|Any CPU
		{E00092DD-E4DC-23C7-7621-2B620B3BBEB0}.Debug|x64.Build.0 = Debug|Any CPU
		{E00092DD-E4DC-23C7-7621-2B620B3BBEB0}.Debug|x86.ActiveCfg = Debug|Any CPU
		{E00092DD-E4DC-23C7-7621-2B620B3BBEB0}.Debug|x86.Build.0 = Debug|Any CPU
		{E00092DD-E4DC-23C7-7621-2B620B3BBEB0}.Release|Any CPU.ActiveCfg = Release|Any CPU
		{E00092DD-E4DC-23C7-7621-2B620B3BBEB0}.Release|Any CPU.Build.0 = Release|Any CPU
		{E00092DD-E4DC-23C7-7621-2B620B3BBEB0}.Release|x64.ActiveCfg = Release|Any CPU
		{E00092DD-E4DC-23C7-7621-2B620B3BBEB0}.Release|x64.Build.0 = Release|Any CPU
		{E00092DD-E4DC-23C7-7621-2B620B3BBEB0}.Release|x86.ActiveCfg = Release|Any CPU
		{E00092DD-E4DC-23C7-7621-2B620B3BBEB0}.Release|x86.Build.0 = Release|Any CPU
		{FE180BF4-4272-CB6C-B3B9-C57E0EEB1F28}.Debug|Any CPU.ActiveCfg = Debug|Any CPU
		{FE180BF4-4272-CB6C-B3B9-C57E0EEB1F28}.Debug|Any CPU.Build.0 = Debug|Any CPU
		{FE180BF4-4272-CB6C-B3B9-C57E0EEB1F28}.Debug|x64.ActiveCfg = Debug|Any CPU
		{FE180BF4-4272-CB6C-B3B9-C57E0EEB1F28}.Debug|x64.Build.0 = Debug|Any CPU
		{FE180BF4-4272-CB6C-B3B9-C57E0EEB1F28}.Debug|x86.ActiveCfg = Debug|Any CPU
		{FE180BF4-4272-CB6C-B3B9-C57E0EEB1F28}.Debug|x86.Build.0 = Debug|Any CPU
		{FE180BF4-4272-CB6C-B3B9-C57E0EEB1F28}.Release|Any CPU.ActiveCfg = Release|Any CPU
		{FE180BF4-4272-CB6C-B3B9-C57E0EEB1F28}.Release|Any CPU.Build.0 = Release|Any CPU
		{FE180BF4-4272-CB6C-B3B9-C57E0EEB1F28}.Release|x64.ActiveCfg = Release|Any CPU
		{FE180BF4-4272-CB6C-B3B9-C57E0EEB1F28}.Release|x64.Build.0 = Release|Any CPU
		{FE180BF4-4272-CB6C-B3B9-C57E0EEB1F28}.Release|x86.ActiveCfg = Release|Any CPU
		{FE180BF4-4272-CB6C-B3B9-C57E0EEB1F28}.Release|x86.Build.0 = Release|Any CPU
		{619BBB81-2667-239F-2DAB-C305AD2AFC34}.Debug|Any CPU.ActiveCfg = Debug|Any CPU
		{619BBB81-2667-239F-2DAB-C305AD2AFC34}.Debug|Any CPU.Build.0 = Debug|Any CPU
		{619BBB81-2667-239F-2DAB-C305AD2AFC34}.Debug|x64.ActiveCfg = Debug|Any CPU
		{619BBB81-2667-239F-2DAB-C305AD2AFC34}.Debug|x64.Build.0 = Debug|Any CPU
		{619BBB81-2667-239F-2DAB-C305AD2AFC34}.Debug|x86.ActiveCfg = Debug|Any CPU
		{619BBB81-2667-239F-2DAB-C305AD2AFC34}.Debug|x86.Build.0 = Debug|Any CPU
		{619BBB81-2667-239F-2DAB-C305AD2AFC34}.Release|Any CPU.ActiveCfg = Release|Any CPU
		{619BBB81-2667-239F-2DAB-C305AD2AFC34}.Release|Any CPU.Build.0 = Release|Any CPU
		{619BBB81-2667-239F-2DAB-C305AD2AFC34}.Release|x64.ActiveCfg = Release|Any CPU
		{619BBB81-2667-239F-2DAB-C305AD2AFC34}.Release|x64.Build.0 = Release|Any CPU
		{619BBB81-2667-239F-2DAB-C305AD2AFC34}.Release|x86.ActiveCfg = Release|Any CPU
		{619BBB81-2667-239F-2DAB-C305AD2AFC34}.Release|x86.Build.0 = Release|Any CPU
		{50FEC8E0-9A8B-116D-F61A-9AE7904D3AC0}.Debug|Any CPU.ActiveCfg = Debug|Any CPU
		{50FEC8E0-9A8B-116D-F61A-9AE7904D3AC0}.Debug|Any CPU.Build.0 = Debug|Any CPU
		{50FEC8E0-9A8B-116D-F61A-9AE7904D3AC0}.Debug|x64.ActiveCfg = Debug|Any CPU
		{50FEC8E0-9A8B-116D-F61A-9AE7904D3AC0}.Debug|x64.Build.0 = Debug|Any CPU
		{50FEC8E0-9A8B-116D-F61A-9AE7904D3AC0}.Debug|x86.ActiveCfg = Debug|Any CPU
		{50FEC8E0-9A8B-116D-F61A-9AE7904D3AC0}.Debug|x86.Build.0 = Debug|Any CPU
		{50FEC8E0-9A8B-116D-F61A-9AE7904D3AC0}.Release|Any CPU.ActiveCfg = Release|Any CPU
		{50FEC8E0-9A8B-116D-F61A-9AE7904D3AC0}.Release|Any CPU.Build.0 = Release|Any CPU
		{50FEC8E0-9A8B-116D-F61A-9AE7904D3AC0}.Release|x64.ActiveCfg = Release|Any CPU
		{50FEC8E0-9A8B-116D-F61A-9AE7904D3AC0}.Release|x64.Build.0 = Release|Any CPU
		{50FEC8E0-9A8B-116D-F61A-9AE7904D3AC0}.Release|x86.ActiveCfg = Release|Any CPU
		{50FEC8E0-9A8B-116D-F61A-9AE7904D3AC0}.Release|x86.Build.0 = Release|Any CPU
		{4EEEA778-E381-643D-9947-E17D49D17438}.Debug|Any CPU.ActiveCfg = Debug|Any CPU
		{4EEEA778-E381-643D-9947-E17D49D17438}.Debug|Any CPU.Build.0 = Debug|Any CPU
		{4EEEA778-E381-643D-9947-E17D49D17438}.Debug|x64.ActiveCfg = Debug|Any CPU
		{4EEEA778-E381-643D-9947-E17D49D17438}.Debug|x64.Build.0 = Debug|Any CPU
		{4EEEA778-E381-643D-9947-E17D49D17438}.Debug|x86.ActiveCfg = Debug|Any CPU
		{4EEEA778-E381-643D-9947-E17D49D17438}.Debug|x86.Build.0 = Debug|Any CPU
		{4EEEA778-E381-643D-9947-E17D49D17438}.Release|Any CPU.ActiveCfg = Release|Any CPU
		{4EEEA778-E381-643D-9947-E17D49D17438}.Release|Any CPU.Build.0 = Release|Any CPU
		{4EEEA778-E381-643D-9947-E17D49D17438}.Release|x64.ActiveCfg = Release|Any CPU
		{4EEEA778-E381-643D-9947-E17D49D17438}.Release|x64.Build.0 = Release|Any CPU
		{4EEEA778-E381-643D-9947-E17D49D17438}.Release|x86.ActiveCfg = Release|Any CPU
		{4EEEA778-E381-643D-9947-E17D49D17438}.Release|x86.Build.0 = Release|Any CPU
		{59BF6EF7-3109-45B9-7065-C8FF398CA2A9}.Debug|Any CPU.ActiveCfg = Debug|Any CPU
		{59BF6EF7-3109-45B9-7065-C8FF398CA2A9}.Debug|Any CPU.Build.0 = Debug|Any CPU
		{59BF6EF7-3109-45B9-7065-C8FF398CA2A9}.Debug|x64.ActiveCfg = Debug|Any CPU
		{59BF6EF7-3109-45B9-7065-C8FF398CA2A9}.Debug|x64.Build.0 = Debug|Any CPU
		{59BF6EF7-3109-45B9-7065-C8FF398CA2A9}.Debug|x86.ActiveCfg = Debug|Any CPU
		{59BF6EF7-3109-45B9-7065-C8FF398CA2A9}.Debug|x86.Build.0 = Debug|Any CPU
		{59BF6EF7-3109-45B9-7065-C8FF398CA2A9}.Release|Any CPU.ActiveCfg = Release|Any CPU
		{59BF6EF7-3109-45B9-7065-C8FF398CA2A9}.Release|Any CPU.Build.0 = Release|Any CPU
		{59BF6EF7-3109-45B9-7065-C8FF398CA2A9}.Release|x64.ActiveCfg = Release|Any CPU
		{59BF6EF7-3109-45B9-7065-C8FF398CA2A9}.Release|x64.Build.0 = Release|Any CPU
		{59BF6EF7-3109-45B9-7065-C8FF398CA2A9}.Release|x86.ActiveCfg = Release|Any CPU
		{59BF6EF7-3109-45B9-7065-C8FF398CA2A9}.Release|x86.Build.0 = Release|Any CPU
		{23A50FF4-ADC0-84AD-E581-BCAF1AC37FC0}.Debug|Any CPU.ActiveCfg = Debug|Any CPU
		{23A50FF4-ADC0-84AD-E581-BCAF1AC37FC0}.Debug|Any CPU.Build.0 = Debug|Any CPU
		{23A50FF4-ADC0-84AD-E581-BCAF1AC37FC0}.Debug|x64.ActiveCfg = Debug|Any CPU
		{23A50FF4-ADC0-84AD-E581-BCAF1AC37FC0}.Debug|x64.Build.0 = Debug|Any CPU
		{23A50FF4-ADC0-84AD-E581-BCAF1AC37FC0}.Debug|x86.ActiveCfg = Debug|Any CPU
		{23A50FF4-ADC0-84AD-E581-BCAF1AC37FC0}.Debug|x86.Build.0 = Debug|Any CPU
		{23A50FF4-ADC0-84AD-E581-BCAF1AC37FC0}.Release|Any CPU.ActiveCfg = Release|Any CPU
		{23A50FF4-ADC0-84AD-E581-BCAF1AC37FC0}.Release|Any CPU.Build.0 = Release|Any CPU
		{23A50FF4-ADC0-84AD-E581-BCAF1AC37FC0}.Release|x64.ActiveCfg = Release|Any CPU
		{23A50FF4-ADC0-84AD-E581-BCAF1AC37FC0}.Release|x64.Build.0 = Release|Any CPU
		{23A50FF4-ADC0-84AD-E581-BCAF1AC37FC0}.Release|x86.ActiveCfg = Release|Any CPU
		{23A50FF4-ADC0-84AD-E581-BCAF1AC37FC0}.Release|x86.Build.0 = Release|Any CPU
		{C664ED02-BC0F-7769-3211-693594E26532}.Debug|Any CPU.ActiveCfg = Debug|Any CPU
		{C664ED02-BC0F-7769-3211-693594E26532}.Debug|Any CPU.Build.0 = Debug|Any CPU
		{C664ED02-BC0F-7769-3211-693594E26532}.Debug|x64.ActiveCfg = Debug|Any CPU
		{C664ED02-BC0F-7769-3211-693594E26532}.Debug|x64.Build.0 = Debug|Any CPU
		{C664ED02-BC0F-7769-3211-693594E26532}.Debug|x86.ActiveCfg = Debug|Any CPU
		{C664ED02-BC0F-7769-3211-693594E26532}.Debug|x86.Build.0 = Debug|Any CPU
		{C664ED02-BC0F-7769-3211-693594E26532}.Release|Any CPU.ActiveCfg = Release|Any CPU
		{C664ED02-BC0F-7769-3211-693594E26532}.Release|Any CPU.Build.0 = Release|Any CPU
		{C664ED02-BC0F-7769-3211-693594E26532}.Release|x64.ActiveCfg = Release|Any CPU
		{C664ED02-BC0F-7769-3211-693594E26532}.Release|x64.Build.0 = Release|Any CPU
		{C664ED02-BC0F-7769-3211-693594E26532}.Release|x86.ActiveCfg = Release|Any CPU
		{C664ED02-BC0F-7769-3211-693594E26532}.Release|x86.Build.0 = Release|Any CPU
		{B84C8B75-1DCC-31E3-B440-A78CD9E9BA80}.Debug|Any CPU.ActiveCfg = Debug|Any CPU
		{B84C8B75-1DCC-31E3-B440-A78CD9E9BA80}.Debug|Any CPU.Build.0 = Debug|Any CPU
		{B84C8B75-1DCC-31E3-B440-A78CD9E9BA80}.Debug|x64.ActiveCfg = Debug|Any CPU
		{B84C8B75-1DCC-31E3-B440-A78CD9E9BA80}.Debug|x64.Build.0 = Debug|Any CPU
		{B84C8B75-1DCC-31E3-B440-A78CD9E9BA80}.Debug|x86.ActiveCfg = Debug|Any CPU
		{B84C8B75-1DCC-31E3-B440-A78CD9E9BA80}.Debug|x86.Build.0 = Debug|Any CPU
		{B84C8B75-1DCC-31E3-B440-A78CD9E9BA80}.Release|Any CPU.ActiveCfg = Release|Any CPU
		{B84C8B75-1DCC-31E3-B440-A78CD9E9BA80}.Release|Any CPU.Build.0 = Release|Any CPU
		{B84C8B75-1DCC-31E3-B440-A78CD9E9BA80}.Release|x64.ActiveCfg = Release|Any CPU
		{B84C8B75-1DCC-31E3-B440-A78CD9E9BA80}.Release|x64.Build.0 = Release|Any CPU
		{B84C8B75-1DCC-31E3-B440-A78CD9E9BA80}.Release|x86.ActiveCfg = Release|Any CPU
		{B84C8B75-1DCC-31E3-B440-A78CD9E9BA80}.Release|x86.Build.0 = Release|Any CPU
		{C4CFF3AD-CC51-4FF3-C547-70CF0A31B8FE}.Debug|Any CPU.ActiveCfg = Debug|Any CPU
		{C4CFF3AD-CC51-4FF3-C547-70CF0A31B8FE}.Debug|Any CPU.Build.0 = Debug|Any CPU
		{C4CFF3AD-CC51-4FF3-C547-70CF0A31B8FE}.Debug|x64.ActiveCfg = Debug|Any CPU
		{C4CFF3AD-CC51-4FF3-C547-70CF0A31B8FE}.Debug|x64.Build.0 = Debug|Any CPU
		{C4CFF3AD-CC51-4FF3-C547-70CF0A31B8FE}.Debug|x86.ActiveCfg = Debug|Any CPU
		{C4CFF3AD-CC51-4FF3-C547-70CF0A31B8FE}.Debug|x86.Build.0 = Debug|Any CPU
		{C4CFF3AD-CC51-4FF3-C547-70CF0A31B8FE}.Release|Any CPU.ActiveCfg = Release|Any CPU
		{C4CFF3AD-CC51-4FF3-C547-70CF0A31B8FE}.Release|Any CPU.Build.0 = Release|Any CPU
		{C4CFF3AD-CC51-4FF3-C547-70CF0A31B8FE}.Release|x64.ActiveCfg = Release|Any CPU
		{C4CFF3AD-CC51-4FF3-C547-70CF0A31B8FE}.Release|x64.Build.0 = Release|Any CPU
		{C4CFF3AD-CC51-4FF3-C547-70CF0A31B8FE}.Release|x86.ActiveCfg = Release|Any CPU
		{C4CFF3AD-CC51-4FF3-C547-70CF0A31B8FE}.Release|x86.Build.0 = Release|Any CPU
		{236BFBA1-5A61-F4F7-5169-D332D63F4359}.Debug|Any CPU.ActiveCfg = Debug|Any CPU
		{236BFBA1-5A61-F4F7-5169-D332D63F4359}.Debug|Any CPU.Build.0 = Debug|Any CPU
		{236BFBA1-5A61-F4F7-5169-D332D63F4359}.Debug|x64.ActiveCfg = Debug|Any CPU
		{236BFBA1-5A61-F4F7-5169-D332D63F4359}.Debug|x64.Build.0 = Debug|Any CPU
		{236BFBA1-5A61-F4F7-5169-D332D63F4359}.Debug|x86.ActiveCfg = Debug|Any CPU
		{236BFBA1-5A61-F4F7-5169-D332D63F4359}.Debug|x86.Build.0 = Debug|Any CPU
		{236BFBA1-5A61-F4F7-5169-D332D63F4359}.Release|Any CPU.ActiveCfg = Release|Any CPU
		{236BFBA1-5A61-F4F7-5169-D332D63F4359}.Release|Any CPU.Build.0 = Release|Any CPU
		{236BFBA1-5A61-F4F7-5169-D332D63F4359}.Release|x64.ActiveCfg = Release|Any CPU
		{236BFBA1-5A61-F4F7-5169-D332D63F4359}.Release|x64.Build.0 = Release|Any CPU
		{236BFBA1-5A61-F4F7-5169-D332D63F4359}.Release|x86.ActiveCfg = Release|Any CPU
		{236BFBA1-5A61-F4F7-5169-D332D63F4359}.Release|x86.Build.0 = Release|Any CPU
		{A8B22A70-6BBB-62EE-2F8F-59F018D0794C}.Debug|Any CPU.ActiveCfg = Debug|Any CPU
		{A8B22A70-6BBB-62EE-2F8F-59F018D0794C}.Debug|Any CPU.Build.0 = Debug|Any CPU
		{A8B22A70-6BBB-62EE-2F8F-59F018D0794C}.Debug|x64.ActiveCfg = Debug|Any CPU
		{A8B22A70-6BBB-62EE-2F8F-59F018D0794C}.Debug|x64.Build.0 = Debug|Any CPU
		{A8B22A70-6BBB-62EE-2F8F-59F018D0794C}.Debug|x86.ActiveCfg = Debug|Any CPU
		{A8B22A70-6BBB-62EE-2F8F-59F018D0794C}.Debug|x86.Build.0 = Debug|Any CPU
		{A8B22A70-6BBB-62EE-2F8F-59F018D0794C}.Release|Any CPU.ActiveCfg = Release|Any CPU
		{A8B22A70-6BBB-62EE-2F8F-59F018D0794C}.Release|Any CPU.Build.0 = Release|Any CPU
		{A8B22A70-6BBB-62EE-2F8F-59F018D0794C}.Release|x64.ActiveCfg = Release|Any CPU
		{A8B22A70-6BBB-62EE-2F8F-59F018D0794C}.Release|x64.Build.0 = Release|Any CPU
		{A8B22A70-6BBB-62EE-2F8F-59F018D0794C}.Release|x86.ActiveCfg = Release|Any CPU
		{A8B22A70-6BBB-62EE-2F8F-59F018D0794C}.Release|x86.Build.0 = Release|Any CPU
		{BC1A918B-7132-BABD-2D90-3F6FD60FDC92}.Debug|Any CPU.ActiveCfg = Debug|Any CPU
		{BC1A918B-7132-BABD-2D90-3F6FD60FDC92}.Debug|Any CPU.Build.0 = Debug|Any CPU
		{BC1A918B-7132-BABD-2D90-3F6FD60FDC92}.Debug|x64.ActiveCfg = Debug|Any CPU
		{BC1A918B-7132-BABD-2D90-3F6FD60FDC92}.Debug|x64.Build.0 = Debug|Any CPU
		{BC1A918B-7132-BABD-2D90-3F6FD60FDC92}.Debug|x86.ActiveCfg = Debug|Any CPU
		{BC1A918B-7132-BABD-2D90-3F6FD60FDC92}.Debug|x86.Build.0 = Debug|Any CPU
		{BC1A918B-7132-BABD-2D90-3F6FD60FDC92}.Release|Any CPU.ActiveCfg = Release|Any CPU
		{BC1A918B-7132-BABD-2D90-3F6FD60FDC92}.Release|Any CPU.Build.0 = Release|Any CPU
		{BC1A918B-7132-BABD-2D90-3F6FD60FDC92}.Release|x64.ActiveCfg = Release|Any CPU
		{BC1A918B-7132-BABD-2D90-3F6FD60FDC92}.Release|x64.Build.0 = Release|Any CPU
		{BC1A918B-7132-BABD-2D90-3F6FD60FDC92}.Release|x86.ActiveCfg = Release|Any CPU
		{BC1A918B-7132-BABD-2D90-3F6FD60FDC92}.Release|x86.Build.0 = Release|Any CPU
		{CEE4B8B7-2BFC-B988-DB9E-A4730909307D}.Debug|Any CPU.ActiveCfg = Debug|Any CPU
		{CEE4B8B7-2BFC-B988-DB9E-A4730909307D}.Debug|Any CPU.Build.0 = Debug|Any CPU
		{CEE4B8B7-2BFC-B988-DB9E-A4730909307D}.Debug|x64.ActiveCfg = Debug|Any CPU
		{CEE4B8B7-2BFC-B988-DB9E-A4730909307D}.Debug|x64.Build.0 = Debug|Any CPU
		{CEE4B8B7-2BFC-B988-DB9E-A4730909307D}.Debug|x86.ActiveCfg = Debug|Any CPU
		{CEE4B8B7-2BFC-B988-DB9E-A4730909307D}.Debug|x86.Build.0 = Debug|Any CPU
		{CEE4B8B7-2BFC-B988-DB9E-A4730909307D}.Release|Any CPU.ActiveCfg = Release|Any CPU
		{CEE4B8B7-2BFC-B988-DB9E-A4730909307D}.Release|Any CPU.Build.0 = Release|Any CPU
		{CEE4B8B7-2BFC-B988-DB9E-A4730909307D}.Release|x64.ActiveCfg = Release|Any CPU
		{CEE4B8B7-2BFC-B988-DB9E-A4730909307D}.Release|x64.Build.0 = Release|Any CPU
		{CEE4B8B7-2BFC-B988-DB9E-A4730909307D}.Release|x86.ActiveCfg = Release|Any CPU
		{CEE4B8B7-2BFC-B988-DB9E-A4730909307D}.Release|x86.Build.0 = Release|Any CPU
		{117A6875-6A65-F151-C1EC-B600D2036E54}.Debug|Any CPU.ActiveCfg = Debug|Any CPU
		{117A6875-6A65-F151-C1EC-B600D2036E54}.Debug|Any CPU.Build.0 = Debug|Any CPU
		{117A6875-6A65-F151-C1EC-B600D2036E54}.Debug|x64.ActiveCfg = Debug|Any CPU
		{117A6875-6A65-F151-C1EC-B600D2036E54}.Debug|x64.Build.0 = Debug|Any CPU
		{117A6875-6A65-F151-C1EC-B600D2036E54}.Debug|x86.ActiveCfg = Debug|Any CPU
		{117A6875-6A65-F151-C1EC-B600D2036E54}.Debug|x86.Build.0 = Debug|Any CPU
		{117A6875-6A65-F151-C1EC-B600D2036E54}.Release|Any CPU.ActiveCfg = Release|Any CPU
		{117A6875-6A65-F151-C1EC-B600D2036E54}.Release|Any CPU.Build.0 = Release|Any CPU
		{117A6875-6A65-F151-C1EC-B600D2036E54}.Release|x64.ActiveCfg = Release|Any CPU
		{117A6875-6A65-F151-C1EC-B600D2036E54}.Release|x64.Build.0 = Release|Any CPU
		{117A6875-6A65-F151-C1EC-B600D2036E54}.Release|x86.ActiveCfg = Release|Any CPU
		{117A6875-6A65-F151-C1EC-B600D2036E54}.Release|x86.Build.0 = Release|Any CPU
		{57C8B8BB-5C6F-9361-833B-3B21C0A97BB3}.Debug|Any CPU.ActiveCfg = Debug|Any CPU
		{57C8B8BB-5C6F-9361-833B-3B21C0A97BB3}.Debug|Any CPU.Build.0 = Debug|Any CPU
		{57C8B8BB-5C6F-9361-833B-3B21C0A97BB3}.Debug|x64.ActiveCfg = Debug|Any CPU
		{57C8B8BB-5C6F-9361-833B-3B21C0A97BB3}.Debug|x64.Build.0 = Debug|Any CPU
		{57C8B8BB-5C6F-9361-833B-3B21C0A97BB3}.Debug|x86.ActiveCfg = Debug|Any CPU
		{57C8B8BB-5C6F-9361-833B-3B21C0A97BB3}.Debug|x86.Build.0 = Debug|Any CPU
		{57C8B8BB-5C6F-9361-833B-3B21C0A97BB3}.Release|Any CPU.ActiveCfg = Release|Any CPU
		{57C8B8BB-5C6F-9361-833B-3B21C0A97BB3}.Release|Any CPU.Build.0 = Release|Any CPU
		{57C8B8BB-5C6F-9361-833B-3B21C0A97BB3}.Release|x64.ActiveCfg = Release|Any CPU
		{57C8B8BB-5C6F-9361-833B-3B21C0A97BB3}.Release|x64.Build.0 = Release|Any CPU
		{57C8B8BB-5C6F-9361-833B-3B21C0A97BB3}.Release|x86.ActiveCfg = Release|Any CPU
		{57C8B8BB-5C6F-9361-833B-3B21C0A97BB3}.Release|x86.Build.0 = Release|Any CPU
		{4166E9F6-3373-65B4-2182-5487A467AA8E}.Debug|Any CPU.ActiveCfg = Debug|Any CPU
		{4166E9F6-3373-65B4-2182-5487A467AA8E}.Debug|Any CPU.Build.0 = Debug|Any CPU
		{4166E9F6-3373-65B4-2182-5487A467AA8E}.Debug|x64.ActiveCfg = Debug|Any CPU
		{4166E9F6-3373-65B4-2182-5487A467AA8E}.Debug|x64.Build.0 = Debug|Any CPU
		{4166E9F6-3373-65B4-2182-5487A467AA8E}.Debug|x86.ActiveCfg = Debug|Any CPU
		{4166E9F6-3373-65B4-2182-5487A467AA8E}.Debug|x86.Build.0 = Debug|Any CPU
		{4166E9F6-3373-65B4-2182-5487A467AA8E}.Release|Any CPU.ActiveCfg = Release|Any CPU
		{4166E9F6-3373-65B4-2182-5487A467AA8E}.Release|Any CPU.Build.0 = Release|Any CPU
		{4166E9F6-3373-65B4-2182-5487A467AA8E}.Release|x64.ActiveCfg = Release|Any CPU
		{4166E9F6-3373-65B4-2182-5487A467AA8E}.Release|x64.Build.0 = Release|Any CPU
		{4166E9F6-3373-65B4-2182-5487A467AA8E}.Release|x86.ActiveCfg = Release|Any CPU
		{4166E9F6-3373-65B4-2182-5487A467AA8E}.Release|x86.Build.0 = Release|Any CPU
		{FC7588AE-E121-80F6-48B3-B69DAD05FED8}.Debug|Any CPU.ActiveCfg = Debug|Any CPU
		{FC7588AE-E121-80F6-48B3-B69DAD05FED8}.Debug|Any CPU.Build.0 = Debug|Any CPU
		{FC7588AE-E121-80F6-48B3-B69DAD05FED8}.Debug|x64.ActiveCfg = Debug|Any CPU
		{FC7588AE-E121-80F6-48B3-B69DAD05FED8}.Debug|x64.Build.0 = Debug|Any CPU
		{FC7588AE-E121-80F6-48B3-B69DAD05FED8}.Debug|x86.ActiveCfg = Debug|Any CPU
		{FC7588AE-E121-80F6-48B3-B69DAD05FED8}.Debug|x86.Build.0 = Debug|Any CPU
		{FC7588AE-E121-80F6-48B3-B69DAD05FED8}.Release|Any CPU.ActiveCfg = Release|Any CPU
		{FC7588AE-E121-80F6-48B3-B69DAD05FED8}.Release|Any CPU.Build.0 = Release|Any CPU
		{FC7588AE-E121-80F6-48B3-B69DAD05FED8}.Release|x64.ActiveCfg = Release|Any CPU
		{FC7588AE-E121-80F6-48B3-B69DAD05FED8}.Release|x64.Build.0 = Release|Any CPU
		{FC7588AE-E121-80F6-48B3-B69DAD05FED8}.Release|x86.ActiveCfg = Release|Any CPU
		{FC7588AE-E121-80F6-48B3-B69DAD05FED8}.Release|x86.Build.0 = Release|Any CPU
		{A4EA403E-B23C-4045-F161-A6D4CC86550D}.Debug|Any CPU.ActiveCfg = Debug|Any CPU
		{A4EA403E-B23C-4045-F161-A6D4CC86550D}.Debug|Any CPU.Build.0 = Debug|Any CPU
		{A4EA403E-B23C-4045-F161-A6D4CC86550D}.Debug|x64.ActiveCfg = Debug|Any CPU
		{A4EA403E-B23C-4045-F161-A6D4CC86550D}.Debug|x64.Build.0 = Debug|Any CPU
		{A4EA403E-B23C-4045-F161-A6D4CC86550D}.Debug|x86.ActiveCfg = Debug|Any CPU
		{A4EA403E-B23C-4045-F161-A6D4CC86550D}.Debug|x86.Build.0 = Debug|Any CPU
		{A4EA403E-B23C-4045-F161-A6D4CC86550D}.Release|Any CPU.ActiveCfg = Release|Any CPU
		{A4EA403E-B23C-4045-F161-A6D4CC86550D}.Release|Any CPU.Build.0 = Release|Any CPU
		{A4EA403E-B23C-4045-F161-A6D4CC86550D}.Release|x64.ActiveCfg = Release|Any CPU
		{A4EA403E-B23C-4045-F161-A6D4CC86550D}.Release|x64.Build.0 = Release|Any CPU
		{A4EA403E-B23C-4045-F161-A6D4CC86550D}.Release|x86.ActiveCfg = Release|Any CPU
		{A4EA403E-B23C-4045-F161-A6D4CC86550D}.Release|x86.Build.0 = Release|Any CPU
		{C296E485-356F-CB52-7CC0-02B70C11C08B}.Debug|Any CPU.ActiveCfg = Debug|Any CPU
		{C296E485-356F-CB52-7CC0-02B70C11C08B}.Debug|Any CPU.Build.0 = Debug|Any CPU
		{C296E485-356F-CB52-7CC0-02B70C11C08B}.Debug|x64.ActiveCfg = Debug|Any CPU
		{C296E485-356F-CB52-7CC0-02B70C11C08B}.Debug|x64.Build.0 = Debug|Any CPU
		{C296E485-356F-CB52-7CC0-02B70C11C08B}.Debug|x86.ActiveCfg = Debug|Any CPU
		{C296E485-356F-CB52-7CC0-02B70C11C08B}.Debug|x86.Build.0 = Debug|Any CPU
		{C296E485-356F-CB52-7CC0-02B70C11C08B}.Release|Any CPU.ActiveCfg = Release|Any CPU
		{C296E485-356F-CB52-7CC0-02B70C11C08B}.Release|Any CPU.Build.0 = Release|Any CPU
		{C296E485-356F-CB52-7CC0-02B70C11C08B}.Release|x64.ActiveCfg = Release|Any CPU
		{C296E485-356F-CB52-7CC0-02B70C11C08B}.Release|x64.Build.0 = Release|Any CPU
		{C296E485-356F-CB52-7CC0-02B70C11C08B}.Release|x86.ActiveCfg = Release|Any CPU
		{C296E485-356F-CB52-7CC0-02B70C11C08B}.Release|x86.Build.0 = Release|Any CPU
		{DDAF2C8F-7CDB-6E7B-288C-12585B694C43}.Debug|Any CPU.ActiveCfg = Debug|Any CPU
		{DDAF2C8F-7CDB-6E7B-288C-12585B694C43}.Debug|Any CPU.Build.0 = Debug|Any CPU
		{DDAF2C8F-7CDB-6E7B-288C-12585B694C43}.Debug|x64.ActiveCfg = Debug|Any CPU
		{DDAF2C8F-7CDB-6E7B-288C-12585B694C43}.Debug|x64.Build.0 = Debug|Any CPU
		{DDAF2C8F-7CDB-6E7B-288C-12585B694C43}.Debug|x86.ActiveCfg = Debug|Any CPU
		{DDAF2C8F-7CDB-6E7B-288C-12585B694C43}.Debug|x86.Build.0 = Debug|Any CPU
		{DDAF2C8F-7CDB-6E7B-288C-12585B694C43}.Release|Any CPU.ActiveCfg = Release|Any CPU
		{DDAF2C8F-7CDB-6E7B-288C-12585B694C43}.Release|Any CPU.Build.0 = Release|Any CPU
		{DDAF2C8F-7CDB-6E7B-288C-12585B694C43}.Release|x64.ActiveCfg = Release|Any CPU
		{DDAF2C8F-7CDB-6E7B-288C-12585B694C43}.Release|x64.Build.0 = Release|Any CPU
		{DDAF2C8F-7CDB-6E7B-288C-12585B694C43}.Release|x86.ActiveCfg = Release|Any CPU
		{DDAF2C8F-7CDB-6E7B-288C-12585B694C43}.Release|x86.Build.0 = Release|Any CPU
		{6A04CD76-061A-C424-F090-36AF14B8CA4D}.Debug|Any CPU.ActiveCfg = Debug|Any CPU
		{6A04CD76-061A-C424-F090-36AF14B8CA4D}.Debug|Any CPU.Build.0 = Debug|Any CPU
		{6A04CD76-061A-C424-F090-36AF14B8CA4D}.Debug|x64.ActiveCfg = Debug|Any CPU
		{6A04CD76-061A-C424-F090-36AF14B8CA4D}.Debug|x64.Build.0 = Debug|Any CPU
		{6A04CD76-061A-C424-F090-36AF14B8CA4D}.Debug|x86.ActiveCfg = Debug|Any CPU
		{6A04CD76-061A-C424-F090-36AF14B8CA4D}.Debug|x86.Build.0 = Debug|Any CPU
		{6A04CD76-061A-C424-F090-36AF14B8CA4D}.Release|Any CPU.ActiveCfg = Release|Any CPU
		{6A04CD76-061A-C424-F090-36AF14B8CA4D}.Release|Any CPU.Build.0 = Release|Any CPU
		{6A04CD76-061A-C424-F090-36AF14B8CA4D}.Release|x64.ActiveCfg = Release|Any CPU
		{6A04CD76-061A-C424-F090-36AF14B8CA4D}.Release|x64.Build.0 = Release|Any CPU
		{6A04CD76-061A-C424-F090-36AF14B8CA4D}.Release|x86.ActiveCfg = Release|Any CPU
		{6A04CD76-061A-C424-F090-36AF14B8CA4D}.Release|x86.Build.0 = Release|Any CPU
		{04D4D38C-3DBE-59F2-3956-071FAAA89A76}.Debug|Any CPU.ActiveCfg = Debug|Any CPU
		{04D4D38C-3DBE-59F2-3956-071FAAA89A76}.Debug|Any CPU.Build.0 = Debug|Any CPU
		{04D4D38C-3DBE-59F2-3956-071FAAA89A76}.Debug|x64.ActiveCfg = Debug|Any CPU
		{04D4D38C-3DBE-59F2-3956-071FAAA89A76}.Debug|x64.Build.0 = Debug|Any CPU
		{04D4D38C-3DBE-59F2-3956-071FAAA89A76}.Debug|x86.ActiveCfg = Debug|Any CPU
		{04D4D38C-3DBE-59F2-3956-071FAAA89A76}.Debug|x86.Build.0 = Debug|Any CPU
		{04D4D38C-3DBE-59F2-3956-071FAAA89A76}.Release|Any CPU.ActiveCfg = Release|Any CPU
		{04D4D38C-3DBE-59F2-3956-071FAAA89A76}.Release|Any CPU.Build.0 = Release|Any CPU
		{04D4D38C-3DBE-59F2-3956-071FAAA89A76}.Release|x64.ActiveCfg = Release|Any CPU
		{04D4D38C-3DBE-59F2-3956-071FAAA89A76}.Release|x64.Build.0 = Release|Any CPU
		{04D4D38C-3DBE-59F2-3956-071FAAA89A76}.Release|x86.ActiveCfg = Release|Any CPU
		{04D4D38C-3DBE-59F2-3956-071FAAA89A76}.Release|x86.Build.0 = Release|Any CPU
		{2A402471-DA2B-3960-BC0F-D7ED4644CDBE}.Debug|Any CPU.ActiveCfg = Debug|Any CPU
		{2A402471-DA2B-3960-BC0F-D7ED4644CDBE}.Debug|Any CPU.Build.0 = Debug|Any CPU
		{2A402471-DA2B-3960-BC0F-D7ED4644CDBE}.Debug|x64.ActiveCfg = Debug|Any CPU
		{2A402471-DA2B-3960-BC0F-D7ED4644CDBE}.Debug|x64.Build.0 = Debug|Any CPU
		{2A402471-DA2B-3960-BC0F-D7ED4644CDBE}.Debug|x86.ActiveCfg = Debug|Any CPU
		{2A402471-DA2B-3960-BC0F-D7ED4644CDBE}.Debug|x86.Build.0 = Debug|Any CPU
		{2A402471-DA2B-3960-BC0F-D7ED4644CDBE}.Release|Any CPU.ActiveCfg = Release|Any CPU
		{2A402471-DA2B-3960-BC0F-D7ED4644CDBE}.Release|Any CPU.Build.0 = Release|Any CPU
		{2A402471-DA2B-3960-BC0F-D7ED4644CDBE}.Release|x64.ActiveCfg = Release|Any CPU
		{2A402471-DA2B-3960-BC0F-D7ED4644CDBE}.Release|x64.Build.0 = Release|Any CPU
		{2A402471-DA2B-3960-BC0F-D7ED4644CDBE}.Release|x86.ActiveCfg = Release|Any CPU
		{2A402471-DA2B-3960-BC0F-D7ED4644CDBE}.Release|x86.Build.0 = Release|Any CPU
		{095CC28B-C028-5245-F922-757CF8A7A676}.Debug|Any CPU.ActiveCfg = Debug|Any CPU
		{095CC28B-C028-5245-F922-757CF8A7A676}.Debug|Any CPU.Build.0 = Debug|Any CPU
		{095CC28B-C028-5245-F922-757CF8A7A676}.Debug|x64.ActiveCfg = Debug|Any CPU
		{095CC28B-C028-5245-F922-757CF8A7A676}.Debug|x64.Build.0 = Debug|Any CPU
		{095CC28B-C028-5245-F922-757CF8A7A676}.Debug|x86.ActiveCfg = Debug|Any CPU
		{095CC28B-C028-5245-F922-757CF8A7A676}.Debug|x86.Build.0 = Debug|Any CPU
		{095CC28B-C028-5245-F922-757CF8A7A676}.Release|Any CPU.ActiveCfg = Release|Any CPU
		{095CC28B-C028-5245-F922-757CF8A7A676}.Release|Any CPU.Build.0 = Release|Any CPU
		{095CC28B-C028-5245-F922-757CF8A7A676}.Release|x64.ActiveCfg = Release|Any CPU
		{095CC28B-C028-5245-F922-757CF8A7A676}.Release|x64.Build.0 = Release|Any CPU
		{095CC28B-C028-5245-F922-757CF8A7A676}.Release|x86.ActiveCfg = Release|Any CPU
		{095CC28B-C028-5245-F922-757CF8A7A676}.Release|x86.Build.0 = Release|Any CPU
		{7DDFF3CE-48ED-BC9B-0764-639264406CD1}.Debug|Any CPU.ActiveCfg = Debug|Any CPU
		{7DDFF3CE-48ED-BC9B-0764-639264406CD1}.Debug|Any CPU.Build.0 = Debug|Any CPU
		{7DDFF3CE-48ED-BC9B-0764-639264406CD1}.Debug|x64.ActiveCfg = Debug|Any CPU
		{7DDFF3CE-48ED-BC9B-0764-639264406CD1}.Debug|x64.Build.0 = Debug|Any CPU
		{7DDFF3CE-48ED-BC9B-0764-639264406CD1}.Debug|x86.ActiveCfg = Debug|Any CPU
		{7DDFF3CE-48ED-BC9B-0764-639264406CD1}.Debug|x86.Build.0 = Debug|Any CPU
		{7DDFF3CE-48ED-BC9B-0764-639264406CD1}.Release|Any CPU.ActiveCfg = Release|Any CPU
		{7DDFF3CE-48ED-BC9B-0764-639264406CD1}.Release|Any CPU.Build.0 = Release|Any CPU
		{7DDFF3CE-48ED-BC9B-0764-639264406CD1}.Release|x64.ActiveCfg = Release|Any CPU
		{7DDFF3CE-48ED-BC9B-0764-639264406CD1}.Release|x64.Build.0 = Release|Any CPU
		{7DDFF3CE-48ED-BC9B-0764-639264406CD1}.Release|x86.ActiveCfg = Release|Any CPU
		{7DDFF3CE-48ED-BC9B-0764-639264406CD1}.Release|x86.Build.0 = Release|Any CPU
		{935B26FE-E979-C6DC-40C2-042A3E7062DC}.Debug|Any CPU.ActiveCfg = Debug|Any CPU
		{935B26FE-E979-C6DC-40C2-042A3E7062DC}.Debug|Any CPU.Build.0 = Debug|Any CPU
		{935B26FE-E979-C6DC-40C2-042A3E7062DC}.Debug|x64.ActiveCfg = Debug|Any CPU
		{935B26FE-E979-C6DC-40C2-042A3E7062DC}.Debug|x64.Build.0 = Debug|Any CPU
		{935B26FE-E979-C6DC-40C2-042A3E7062DC}.Debug|x86.ActiveCfg = Debug|Any CPU
		{935B26FE-E979-C6DC-40C2-042A3E7062DC}.Debug|x86.Build.0 = Debug|Any CPU
		{935B26FE-E979-C6DC-40C2-042A3E7062DC}.Release|Any CPU.ActiveCfg = Release|Any CPU
		{935B26FE-E979-C6DC-40C2-042A3E7062DC}.Release|Any CPU.Build.0 = Release|Any CPU
		{935B26FE-E979-C6DC-40C2-042A3E7062DC}.Release|x64.ActiveCfg = Release|Any CPU
		{935B26FE-E979-C6DC-40C2-042A3E7062DC}.Release|x64.Build.0 = Release|Any CPU
		{935B26FE-E979-C6DC-40C2-042A3E7062DC}.Release|x86.ActiveCfg = Release|Any CPU
		{935B26FE-E979-C6DC-40C2-042A3E7062DC}.Release|x86.Build.0 = Release|Any CPU
		{8233D042-7105-DA16-2948-6D14C71B7208}.Debug|Any CPU.ActiveCfg = Debug|Any CPU
		{8233D042-7105-DA16-2948-6D14C71B7208}.Debug|Any CPU.Build.0 = Debug|Any CPU
		{8233D042-7105-DA16-2948-6D14C71B7208}.Debug|x64.ActiveCfg = Debug|Any CPU
		{8233D042-7105-DA16-2948-6D14C71B7208}.Debug|x64.Build.0 = Debug|Any CPU
		{8233D042-7105-DA16-2948-6D14C71B7208}.Debug|x86.ActiveCfg = Debug|Any CPU
		{8233D042-7105-DA16-2948-6D14C71B7208}.Debug|x86.Build.0 = Debug|Any CPU
		{8233D042-7105-DA16-2948-6D14C71B7208}.Release|Any CPU.ActiveCfg = Release|Any CPU
		{8233D042-7105-DA16-2948-6D14C71B7208}.Release|Any CPU.Build.0 = Release|Any CPU
		{8233D042-7105-DA16-2948-6D14C71B7208}.Release|x64.ActiveCfg = Release|Any CPU
		{8233D042-7105-DA16-2948-6D14C71B7208}.Release|x64.Build.0 = Release|Any CPU
		{8233D042-7105-DA16-2948-6D14C71B7208}.Release|x86.ActiveCfg = Release|Any CPU
		{8233D042-7105-DA16-2948-6D14C71B7208}.Release|x86.Build.0 = Release|Any CPU
		{D44C3E3D-8008-2C69-927A-43485DADE53A}.Debug|Any CPU.ActiveCfg = Debug|Any CPU
		{D44C3E3D-8008-2C69-927A-43485DADE53A}.Debug|Any CPU.Build.0 = Debug|Any CPU
		{D44C3E3D-8008-2C69-927A-43485DADE53A}.Debug|x64.ActiveCfg = Debug|Any CPU
		{D44C3E3D-8008-2C69-927A-43485DADE53A}.Debug|x64.Build.0 = Debug|Any CPU
		{D44C3E3D-8008-2C69-927A-43485DADE53A}.Debug|x86.ActiveCfg = Debug|Any CPU
		{D44C3E3D-8008-2C69-927A-43485DADE53A}.Debug|x86.Build.0 = Debug|Any CPU
		{D44C3E3D-8008-2C69-927A-43485DADE53A}.Release|Any CPU.ActiveCfg = Release|Any CPU
		{D44C3E3D-8008-2C69-927A-43485DADE53A}.Release|Any CPU.Build.0 = Release|Any CPU
		{D44C3E3D-8008-2C69-927A-43485DADE53A}.Release|x64.ActiveCfg = Release|Any CPU
		{D44C3E3D-8008-2C69-927A-43485DADE53A}.Release|x64.Build.0 = Release|Any CPU
		{D44C3E3D-8008-2C69-927A-43485DADE53A}.Release|x86.ActiveCfg = Release|Any CPU
		{D44C3E3D-8008-2C69-927A-43485DADE53A}.Release|x86.Build.0 = Release|Any CPU
		{7DF660C3-EA78-E64C-9F93-F45060854DFF}.Debug|Any CPU.ActiveCfg = Debug|Any CPU
		{7DF660C3-EA78-E64C-9F93-F45060854DFF}.Debug|Any CPU.Build.0 = Debug|Any CPU
		{7DF660C3-EA78-E64C-9F93-F45060854DFF}.Debug|x64.ActiveCfg = Debug|Any CPU
		{7DF660C3-EA78-E64C-9F93-F45060854DFF}.Debug|x64.Build.0 = Debug|Any CPU
		{7DF660C3-EA78-E64C-9F93-F45060854DFF}.Debug|x86.ActiveCfg = Debug|Any CPU
		{7DF660C3-EA78-E64C-9F93-F45060854DFF}.Debug|x86.Build.0 = Debug|Any CPU
		{7DF660C3-EA78-E64C-9F93-F45060854DFF}.Release|Any CPU.ActiveCfg = Release|Any CPU
		{7DF660C3-EA78-E64C-9F93-F45060854DFF}.Release|Any CPU.Build.0 = Release|Any CPU
		{7DF660C3-EA78-E64C-9F93-F45060854DFF}.Release|x64.ActiveCfg = Release|Any CPU
		{7DF660C3-EA78-E64C-9F93-F45060854DFF}.Release|x64.Build.0 = Release|Any CPU
		{7DF660C3-EA78-E64C-9F93-F45060854DFF}.Release|x86.ActiveCfg = Release|Any CPU
		{7DF660C3-EA78-E64C-9F93-F45060854DFF}.Release|x86.Build.0 = Release|Any CPU
		{DFC07DC1-5660-B263-80A3-6E5BDA300495}.Debug|Any CPU.ActiveCfg = Debug|Any CPU
		{DFC07DC1-5660-B263-80A3-6E5BDA300495}.Debug|Any CPU.Build.0 = Debug|Any CPU
		{DFC07DC1-5660-B263-80A3-6E5BDA300495}.Debug|x64.ActiveCfg = Debug|Any CPU
		{DFC07DC1-5660-B263-80A3-6E5BDA300495}.Debug|x64.Build.0 = Debug|Any CPU
		{DFC07DC1-5660-B263-80A3-6E5BDA300495}.Debug|x86.ActiveCfg = Debug|Any CPU
		{DFC07DC1-5660-B263-80A3-6E5BDA300495}.Debug|x86.Build.0 = Debug|Any CPU
		{DFC07DC1-5660-B263-80A3-6E5BDA300495}.Release|Any CPU.ActiveCfg = Release|Any CPU
		{DFC07DC1-5660-B263-80A3-6E5BDA300495}.Release|Any CPU.Build.0 = Release|Any CPU
		{DFC07DC1-5660-B263-80A3-6E5BDA300495}.Release|x64.ActiveCfg = Release|Any CPU
		{DFC07DC1-5660-B263-80A3-6E5BDA300495}.Release|x64.Build.0 = Release|Any CPU
		{DFC07DC1-5660-B263-80A3-6E5BDA300495}.Release|x86.ActiveCfg = Release|Any CPU
		{DFC07DC1-5660-B263-80A3-6E5BDA300495}.Release|x86.Build.0 = Release|Any CPU
		{1DC26ABE-0A41-4B60-B424-EF61363A7B02}.Debug|Any CPU.ActiveCfg = Debug|Any CPU
		{1DC26ABE-0A41-4B60-B424-EF61363A7B02}.Debug|Any CPU.Build.0 = Debug|Any CPU
		{1DC26ABE-0A41-4B60-B424-EF61363A7B02}.Debug|x64.ActiveCfg = Debug|Any CPU
		{1DC26ABE-0A41-4B60-B424-EF61363A7B02}.Debug|x64.Build.0 = Debug|Any CPU
		{1DC26ABE-0A41-4B60-B424-EF61363A7B02}.Debug|x86.ActiveCfg = Debug|Any CPU
		{1DC26ABE-0A41-4B60-B424-EF61363A7B02}.Debug|x86.Build.0 = Debug|Any CPU
		{1DC26ABE-0A41-4B60-B424-EF61363A7B02}.Release|Any CPU.ActiveCfg = Release|Any CPU
		{1DC26ABE-0A41-4B60-B424-EF61363A7B02}.Release|Any CPU.Build.0 = Release|Any CPU
		{1DC26ABE-0A41-4B60-B424-EF61363A7B02}.Release|x64.ActiveCfg = Release|Any CPU
		{1DC26ABE-0A41-4B60-B424-EF61363A7B02}.Release|x64.Build.0 = Release|Any CPU
		{1DC26ABE-0A41-4B60-B424-EF61363A7B02}.Release|x86.ActiveCfg = Release|Any CPU
		{1DC26ABE-0A41-4B60-B424-EF61363A7B02}.Release|x86.Build.0 = Release|Any CPU
		{AC6EF2EE-385D-43F8-9E18-F90B4B4EBA3A}.Debug|Any CPU.ActiveCfg = Debug|Any CPU
		{AC6EF2EE-385D-43F8-9E18-F90B4B4EBA3A}.Debug|Any CPU.Build.0 = Debug|Any CPU
		{AC6EF2EE-385D-43F8-9E18-F90B4B4EBA3A}.Debug|x64.ActiveCfg = Debug|Any CPU
		{AC6EF2EE-385D-43F8-9E18-F90B4B4EBA3A}.Debug|x64.Build.0 = Debug|Any CPU
		{AC6EF2EE-385D-43F8-9E18-F90B4B4EBA3A}.Debug|x86.ActiveCfg = Debug|Any CPU
		{AC6EF2EE-385D-43F8-9E18-F90B4B4EBA3A}.Debug|x86.Build.0 = Debug|Any CPU
		{AC6EF2EE-385D-43F8-9E18-F90B4B4EBA3A}.Release|Any CPU.ActiveCfg = Release|Any CPU
		{AC6EF2EE-385D-43F8-9E18-F90B4B4EBA3A}.Release|Any CPU.Build.0 = Release|Any CPU
		{AC6EF2EE-385D-43F8-9E18-F90B4B4EBA3A}.Release|x64.ActiveCfg = Release|Any CPU
		{AC6EF2EE-385D-43F8-9E18-F90B4B4EBA3A}.Release|x64.Build.0 = Release|Any CPU
		{AC6EF2EE-385D-43F8-9E18-F90B4B4EBA3A}.Release|x86.ActiveCfg = Release|Any CPU
		{AC6EF2EE-385D-43F8-9E18-F90B4B4EBA3A}.Release|x86.Build.0 = Release|Any CPU
		{C523A739-6C6F-4DBD-90E7-098D138EDC68}.Debug|Any CPU.ActiveCfg = Debug|Any CPU
		{C523A739-6C6F-4DBD-90E7-098D138EDC68}.Debug|Any CPU.Build.0 = Debug|Any CPU
		{C523A739-6C6F-4DBD-90E7-098D138EDC68}.Debug|x64.ActiveCfg = Debug|Any CPU
		{C523A739-6C6F-4DBD-90E7-098D138EDC68}.Debug|x64.Build.0 = Debug|Any CPU
		{C523A739-6C6F-4DBD-90E7-098D138EDC68}.Debug|x86.ActiveCfg = Debug|Any CPU
		{C523A739-6C6F-4DBD-90E7-098D138EDC68}.Debug|x86.Build.0 = Debug|Any CPU
		{C523A739-6C6F-4DBD-90E7-098D138EDC68}.Release|Any CPU.ActiveCfg = Release|Any CPU
		{C523A739-6C6F-4DBD-90E7-098D138EDC68}.Release|Any CPU.Build.0 = Release|Any CPU
		{C523A739-6C6F-4DBD-90E7-098D138EDC68}.Release|x64.ActiveCfg = Release|Any CPU
		{C523A739-6C6F-4DBD-90E7-098D138EDC68}.Release|x64.Build.0 = Release|Any CPU
		{C523A739-6C6F-4DBD-90E7-098D138EDC68}.Release|x86.ActiveCfg = Release|Any CPU
		{C523A739-6C6F-4DBD-90E7-098D138EDC68}.Release|x86.Build.0 = Release|Any CPU
	EndGlobalSection
	GlobalSection(SolutionProperties) = preSolution
		HideSolutionNode = FALSE
	EndGlobalSection
	GlobalSection(NestedProjects) = preSolution
		{E00092DD-E4DC-23C7-7621-2B620B3BBEB0} = {2BC5FE8A-8CAA-4DAA-9437-7F40CABC8380}
		{FE180BF4-4272-CB6C-B3B9-C57E0EEB1F28} = {2BC5FE8A-8CAA-4DAA-9437-7F40CABC8380}
		{619BBB81-2667-239F-2DAB-C305AD2AFC34} = {2BC5FE8A-8CAA-4DAA-9437-7F40CABC8380}
		{50FEC8E0-9A8B-116D-F61A-9AE7904D3AC0} = {2BC5FE8A-8CAA-4DAA-9437-7F40CABC8380}
		{4EEEA778-E381-643D-9947-E17D49D17438} = {2BC5FE8A-8CAA-4DAA-9437-7F40CABC8380}
		{59BF6EF7-3109-45B9-7065-C8FF398CA2A9} = {2BC5FE8A-8CAA-4DAA-9437-7F40CABC8380}
		{23A50FF4-ADC0-84AD-E581-BCAF1AC37FC0} = {2BC5FE8A-8CAA-4DAA-9437-7F40CABC8380}
		{C664ED02-BC0F-7769-3211-693594E26532} = {2BC5FE8A-8CAA-4DAA-9437-7F40CABC8380}
		{B84C8B75-1DCC-31E3-B440-A78CD9E9BA80} = {2BC5FE8A-8CAA-4DAA-9437-7F40CABC8380}
		{C4CFF3AD-CC51-4FF3-C547-70CF0A31B8FE} = {2BC5FE8A-8CAA-4DAA-9437-7F40CABC8380}
		{236BFBA1-5A61-F4F7-5169-D332D63F4359} = {54E5D4D5-9D30-44CA-94E7-650E1E80FB84}
		{A8B22A70-6BBB-62EE-2F8F-59F018D0794C} = {54E5D4D5-9D30-44CA-94E7-650E1E80FB84}
		{BC1A918B-7132-BABD-2D90-3F6FD60FDC92} = {54E5D4D5-9D30-44CA-94E7-650E1E80FB84}
		{CEE4B8B7-2BFC-B988-DB9E-A4730909307D} = {54E5D4D5-9D30-44CA-94E7-650E1E80FB84}
		{117A6875-6A65-F151-C1EC-B600D2036E54} = {9D07D78B-F161-4001-B545-FD8B77406ED4}
		{57C8B8BB-5C6F-9361-833B-3B21C0A97BB3} = {9D07D78B-F161-4001-B545-FD8B77406ED4}
		{4166E9F6-3373-65B4-2182-5487A467AA8E} = {9D07D78B-F161-4001-B545-FD8B77406ED4}
		{FC7588AE-E121-80F6-48B3-B69DAD05FED8} = {9D07D78B-F161-4001-B545-FD8B77406ED4}
		{A4EA403E-B23C-4045-F161-A6D4CC86550D} = {9D07D78B-F161-4001-B545-FD8B77406ED4}
		{C296E485-356F-CB52-7CC0-02B70C11C08B} = {CCBB0FC9-E726-44F9-A0BD-14FE22CFA887}
		{DDAF2C8F-7CDB-6E7B-288C-12585B694C43} = {CCBB0FC9-E726-44F9-A0BD-14FE22CFA887}
		{6A04CD76-061A-C424-F090-36AF14B8CA4D} = {CCBB0FC9-E726-44F9-A0BD-14FE22CFA887}
		{04D4D38C-3DBE-59F2-3956-071FAAA89A76} = {CCBB0FC9-E726-44F9-A0BD-14FE22CFA887}
		{2A402471-DA2B-3960-BC0F-D7ED4644CDBE} = {CCBB0FC9-E726-44F9-A0BD-14FE22CFA887}
		{095CC28B-C028-5245-F922-757CF8A7A676} = {02EA681E-C7D8-13C7-8484-4AC65E1B71E8}
		{7DDFF3CE-48ED-BC9B-0764-639264406CD1} = {02EA681E-C7D8-13C7-8484-4AC65E1B71E8}
		{935B26FE-E979-C6DC-40C2-042A3E7062DC} = {02EA681E-C7D8-13C7-8484-4AC65E1B71E8}
		{2BC5FE8A-8CAA-4DAA-9437-7F40CABC8380} = {F8C28DAB-F0CF-4161-B47E-F26123B73E91}
		{54E5D4D5-9D30-44CA-94E7-650E1E80FB84} = {F8C28DAB-F0CF-4161-B47E-F26123B73E91}
		{9D07D78B-F161-4001-B545-FD8B77406ED4} = {F8C28DAB-F0CF-4161-B47E-F26123B73E91}
		{CCBB0FC9-E726-44F9-A0BD-14FE22CFA887} = {F8C28DAB-F0CF-4161-B47E-F26123B73E91}
		{8233D042-7105-DA16-2948-6D14C71B7208} = {CCBB0FC9-E726-44F9-A0BD-14FE22CFA887}
		{D44C3E3D-8008-2C69-927A-43485DADE53A} = {02EA681E-C7D8-13C7-8484-4AC65E1B71E8}
		{7DF660C3-EA78-E64C-9F93-F45060854DFF} = {02EA681E-C7D8-13C7-8484-4AC65E1B71E8}
		{DFC07DC1-5660-B263-80A3-6E5BDA300495} = {02EA681E-C7D8-13C7-8484-4AC65E1B71E8}
		{1DC26ABE-0A41-4B60-B424-EF61363A7B02} = {02EA681E-C7D8-13C7-8484-4AC65E1B71E8}
		{AC6EF2EE-385D-43F8-9E18-F90B4B4EBA3A} = {02EA681E-C7D8-13C7-8484-4AC65E1B71E8}
		{C523A739-6C6F-4DBD-90E7-098D138EDC68} = {02EA681E-C7D8-13C7-8484-4AC65E1B71E8}
	EndGlobalSection
	GlobalSection(ExtensibilityGlobals) = postSolution
		SolutionGuid = {A8CC8E89-D4F4-4608-9F85-C9C87CD585FA}
	EndGlobalSection
EndGlobal
